// !$*UTF8*$!
{
	archiveVersion = 1;
	classes = {
	};
	objectVersion = 77;
	objects = {

/* Begin PBXBuildFile section */
		EF14E0942D78A433008424D6 /* SDWebImageSwiftUI in Frameworks */ = {isa = PBXBuildFile; productRef = EF14E0932D78A433008424D6 /* SDWebImageSwiftUI */; };
		EF765BD32D92ECFD002724BF /* SwiftfulUtilities in Frameworks */ = {isa = PBXBuildFile; productRef = EF765BD22D92ECFD002724BF /* SwiftfulUtilities */; };
		EF765CEB2D9584CA002724BF /* GoogleService-Info.plist in Resources */ = {isa = PBXBuildFile; fileRef = EF765CEA2D9584CA002724BF /* GoogleService-Info.plist */; };
		EF765CEE2D958541002724BF /* FirebaseAuth in Frameworks */ = {isa = PBXBuildFile; productRef = EF765CED2D958541002724BF /* FirebaseAuth */; };
		EF765CFB2D958C98002724BF /* SignInAppleAsync in Frameworks */ = {isa = PBXBuildFile; productRef = EF765CFA2D958C98002724BF /* SignInAppleAsync */; };
/* End PBXBuildFile section */

/* Begin PBXContainerItemProxy section */
		EF14E0482D787E8B008424D6 /* PBXContainerItemProxy */ = {
			isa = PBXContainerItemProxy;
			containerPortal = EF14E02F2D787E8A008424D6 /* Project object */;
			proxyType = 1;
			remoteGlobalIDString = EF14E0362D787E8A008424D6;
			remoteInfo = ConcertMemory;
		};
		EF14E0522D787E8B008424D6 /* PBXContainerItemProxy */ = {
			isa = PBXContainerItemProxy;
			containerPortal = EF14E02F2D787E8A008424D6 /* Project object */;
			proxyType = 1;
			remoteGlobalIDString = EF14E0362D787E8A008424D6;
			remoteInfo = ConcertMemory;
		};
/* End PBXContainerItemProxy section */

/* Begin PBXFileReference section */
		EF14E0372D787E8A008424D6 /* ConcertMemory.app */ = {isa = PBXFileReference; explicitFileType = wrapper.application; includeInIndex = 0; path = ConcertMemory.app; sourceTree = BUILT_PRODUCTS_DIR; };
		EF14E0472D787E8B008424D6 /* ConcertMemoryTests.xctest */ = {isa = PBXFileReference; explicitFileType = wrapper.cfbundle; includeInIndex = 0; path = ConcertMemoryTests.xctest; sourceTree = BUILT_PRODUCTS_DIR; };
		EF14E0512D787E8B008424D6 /* ConcertMemoryUITests.xctest */ = {isa = PBXFileReference; explicitFileType = wrapper.cfbundle; includeInIndex = 0; path = ConcertMemoryUITests.xctest; sourceTree = BUILT_PRODUCTS_DIR; };
		EF765CEA2D9584CA002724BF /* GoogleService-Info.plist */ = {isa = PBXFileReference; lastKnownFileType = text.plist.xml; path = "GoogleService-Info.plist"; sourceTree = "<group>"; };
/* End PBXFileReference section */

/* Begin PBXFileSystemSynchronizedRootGroup section */
		EF14E0392D787E8A008424D6 /* ConcertMemory */ = {
			isa = PBXFileSystemSynchronizedRootGroup;
			path = ConcertMemory;
			sourceTree = "<group>";
		};
		EF14E04A2D787E8B008424D6 /* ConcertMemoryTests */ = {
			isa = PBXFileSystemSynchronizedRootGroup;
			path = ConcertMemoryTests;
			sourceTree = "<group>";
		};
		EF14E0542D787E8B008424D6 /* ConcertMemoryUITests */ = {
			isa = PBXFileSystemSynchronizedRootGroup;
			path = ConcertMemoryUITests;
			sourceTree = "<group>";
		};
/* End PBXFileSystemSynchronizedRootGroup section */

/* Begin PBXFrameworksBuildPhase section */
		EF14E0342D787E8A008424D6 /* Frameworks */ = {
			isa = PBXFrameworksBuildPhase;
			buildActionMask = 2147483647;
			files = (
				EF765CFB2D958C98002724BF /* SignInAppleAsync in Frameworks */,
				EF14E0942D78A433008424D6 /* SDWebImageSwiftUI in Frameworks */,
				EF765CEE2D958541002724BF /* FirebaseAuth in Frameworks */,
				EF765BD32D92ECFD002724BF /* SwiftfulUtilities in Frameworks */,
			);
			runOnlyForDeploymentPostprocessing = 0;
		};
		EF14E0442D787E8B008424D6 /* Frameworks */ = {
			isa = PBXFrameworksBuildPhase;
			buildActionMask = 2147483647;
			files = (
			);
			runOnlyForDeploymentPostprocessing = 0;
		};
		EF14E04E2D787E8B008424D6 /* Frameworks */ = {
			isa = PBXFrameworksBuildPhase;
			buildActionMask = 2147483647;
			files = (
			);
			runOnlyForDeploymentPostprocessing = 0;
		};
/* End PBXFrameworksBuildPhase section */

/* Begin PBXGroup section */
		EF14E02E2D787E8A008424D6 = {
			isa = PBXGroup;
			children = (
				EF14E0392D787E8A008424D6 /* ConcertMemory */,
				EF14E04A2D787E8B008424D6 /* ConcertMemoryTests */,
				EF14E0542D787E8B008424D6 /* ConcertMemoryUITests */,
				EF14E0382D787E8A008424D6 /* Products */,
				EF765CEA2D9584CA002724BF /* GoogleService-Info.plist */,
			);
			sourceTree = "<group>";
		};
		EF14E0382D787E8A008424D6 /* Products */ = {
			isa = PBXGroup;
			children = (
				EF14E0372D787E8A008424D6 /* ConcertMemory.app */,
				EF14E0472D787E8B008424D6 /* ConcertMemoryTests.xctest */,
				EF14E0512D787E8B008424D6 /* ConcertMemoryUITests.xctest */,
			);
			name = Products;
			sourceTree = "<group>";
		};
/* End PBXGroup section */

/* Begin PBXNativeTarget section */
		EF14E0362D787E8A008424D6 /* ConcertMemory */ = {
			isa = PBXNativeTarget;
			buildConfigurationList = EF14E05B2D787E8B008424D6 /* Build configuration list for PBXNativeTarget "ConcertMemory" */;
			buildPhases = (
				EF14E0332D787E8A008424D6 /* Sources */,
				EF14E0342D787E8A008424D6 /* Frameworks */,
				EF14E0352D787E8A008424D6 /* Resources */,
				EF14E0692D7886A3008424D6 /* ShellScript */,
			);
			buildRules = (
			);
			dependencies = (
			);
			fileSystemSynchronizedGroups = (
				EF14E0392D787E8A008424D6 /* ConcertMemory */,
			);
			name = ConcertMemory;
			packageProductDependencies = (
				EF14E0932D78A433008424D6 /* SDWebImageSwiftUI */,
				EF765BD22D92ECFD002724BF /* SwiftfulUtilities */,
				EF765CED2D958541002724BF /* FirebaseAuth */,
				EF765CFA2D958C98002724BF /* SignInAppleAsync */,
			);
			productName = ConcertMemory;
			productReference = EF14E0372D787E8A008424D6 /* ConcertMemory.app */;
			productType = "com.apple.product-type.application";
		};
		EF14E0462D787E8B008424D6 /* ConcertMemoryTests */ = {
			isa = PBXNativeTarget;
			buildConfigurationList = EF14E05E2D787E8B008424D6 /* Build configuration list for PBXNativeTarget "ConcertMemoryTests" */;
			buildPhases = (
				EF14E0432D787E8B008424D6 /* Sources */,
				EF14E0442D787E8B008424D6 /* Frameworks */,
				EF14E0452D787E8B008424D6 /* Resources */,
			);
			buildRules = (
			);
			dependencies = (
				EF14E0492D787E8B008424D6 /* PBXTargetDependency */,
			);
			fileSystemSynchronizedGroups = (
				EF14E04A2D787E8B008424D6 /* ConcertMemoryTests */,
			);
			name = ConcertMemoryTests;
			packageProductDependencies = (
			);
			productName = ConcertMemoryTests;
			productReference = EF14E0472D787E8B008424D6 /* ConcertMemoryTests.xctest */;
			productType = "com.apple.product-type.bundle.unit-test";
		};
		EF14E0502D787E8B008424D6 /* ConcertMemoryUITests */ = {
			isa = PBXNativeTarget;
			buildConfigurationList = EF14E0612D787E8B008424D6 /* Build configuration list for PBXNativeTarget "ConcertMemoryUITests" */;
			buildPhases = (
				EF14E04D2D787E8B008424D6 /* Sources */,
				EF14E04E2D787E8B008424D6 /* Frameworks */,
				EF14E04F2D787E8B008424D6 /* Resources */,
			);
			buildRules = (
			);
			dependencies = (
				EF14E0532D787E8B008424D6 /* PBXTargetDependency */,
			);
			fileSystemSynchronizedGroups = (
				EF14E0542D787E8B008424D6 /* ConcertMemoryUITests */,
			);
			name = ConcertMemoryUITests;
			packageProductDependencies = (
			);
			productName = ConcertMemoryUITests;
			productReference = EF14E0512D787E8B008424D6 /* ConcertMemoryUITests.xctest */;
			productType = "com.apple.product-type.bundle.ui-testing";
		};
/* End PBXNativeTarget section */

/* Begin PBXProject section */
		EF14E02F2D787E8A008424D6 /* Project object */ = {
			isa = PBXProject;
			attributes = {
				BuildIndependentTargetsInParallel = 1;
				LastSwiftUpdateCheck = 1620;
				LastUpgradeCheck = 1620;
				TargetAttributes = {
					EF14E0362D787E8A008424D6 = {
						CreatedOnToolsVersion = 16.2;
					};
					EF14E0462D787E8B008424D6 = {
						CreatedOnToolsVersion = 16.2;
						TestTargetID = EF14E0362D787E8A008424D6;
					};
					EF14E0502D787E8B008424D6 = {
						CreatedOnToolsVersion = 16.2;
						TestTargetID = EF14E0362D787E8A008424D6;
					};
				};
			};
			buildConfigurationList = EF14E0322D787E8A008424D6 /* Build configuration list for PBXProject "ConcertMemory" */;
			developmentRegion = en;
			hasScannedForEncodings = 0;
			knownRegions = (
				en,
				Base,
			);
			mainGroup = EF14E02E2D787E8A008424D6;
			minimizedProjectReferenceProxies = 1;
			packageReferences = (
				EF14E0922D78A433008424D6 /* XCRemoteSwiftPackageReference "SDWebImageSwiftUI" */,
				EF765BD12D92ECFD002724BF /* XCRemoteSwiftPackageReference "SwiftfulUtilities" */,
				EF765CEC2D958541002724BF /* XCRemoteSwiftPackageReference "firebase-ios-sdk" */,
				EF765CF92D958C98002724BF /* XCRemoteSwiftPackageReference "SignInAppleAsync" */,
			);
			preferredProjectObjectVersion = 77;
			productRefGroup = EF14E0382D787E8A008424D6 /* Products */;
			projectDirPath = "";
			projectRoot = "";
			targets = (
				EF14E0362D787E8A008424D6 /* ConcertMemory */,
				EF14E0462D787E8B008424D6 /* ConcertMemoryTests */,
				EF14E0502D787E8B008424D6 /* ConcertMemoryUITests */,
			);
		};
/* End PBXProject section */

/* Begin PBXResourcesBuildPhase section */
		EF14E0352D787E8A008424D6 /* Resources */ = {
			isa = PBXResourcesBuildPhase;
			buildActionMask = 2147483647;
			files = (
				EF765CEB2D9584CA002724BF /* GoogleService-Info.plist in Resources */,
			);
			runOnlyForDeploymentPostprocessing = 0;
		};
		EF14E0452D787E8B008424D6 /* Resources */ = {
			isa = PBXResourcesBuildPhase;
			buildActionMask = 2147483647;
			files = (
			);
			runOnlyForDeploymentPostprocessing = 0;
		};
		EF14E04F2D787E8B008424D6 /* Resources */ = {
			isa = PBXResourcesBuildPhase;
			buildActionMask = 2147483647;
			files = (
			);
			runOnlyForDeploymentPostprocessing = 0;
		};
/* End PBXResourcesBuildPhase section */

/* Begin PBXShellScriptBuildPhase section */
		EF14E0692D7886A3008424D6 /* ShellScript */ = {
			isa = PBXShellScriptBuildPhase;
			alwaysOutOfDate = 1;
			buildActionMask = 2147483647;
			files = (
			);
			inputFileListPaths = (
			);
			inputPaths = (
			);
			outputFileListPaths = (
			);
			outputPaths = (
			);
			runOnlyForDeploymentPostprocessing = 0;
			shellPath = /bin/sh;
			shellScript = "# Type a script or drag a script file from your workspace to insert its path.\nif [[ -z \"$CI\" ]]; then\n    if [[ \"$(uname -m)\" == arm64 ]]; then\n        export PATH=\"/opt/homebrew/bin:$PATH\"\n    fi\n\n    # Check if running in a SwiftUI preview\n    if [ \"$XCODE_RUNNING_FOR_PREVIEWS\" != \"1\" ]; then\n        if which swiftlint > /dev/null; then\n            swiftlint # Uncomment if you want to auto-fix: swiftlint --fix &&  \n        else\n            echo \"warning: SwiftLint not installed, download from https://github.com/realm/SwiftLint\"\n        fi\n    fi\nelse \n    # Running Xcode Cloud\n    echo \"Running in Xcode Cloud. Skipping SwiftLint.\"\nfi\n";
			showEnvVarsInLog = 0;
		};
/* End PBXShellScriptBuildPhase section */

/* Begin PBXSourcesBuildPhase section */
		EF14E0332D787E8A008424D6 /* Sources */ = {
			isa = PBXSourcesBuildPhase;
			buildActionMask = 2147483647;
			files = (
			);
			runOnlyForDeploymentPostprocessing = 0;
		};
		EF14E0432D787E8B008424D6 /* Sources */ = {
			isa = PBXSourcesBuildPhase;
			buildActionMask = 2147483647;
			files = (
			);
			runOnlyForDeploymentPostprocessing = 0;
		};
		EF14E04D2D787E8B008424D6 /* Sources */ = {
			isa = PBXSourcesBuildPhase;
			buildActionMask = 2147483647;
			files = (
			);
			runOnlyForDeploymentPostprocessing = 0;
		};
/* End PBXSourcesBuildPhase section */

/* Begin PBXTargetDependency section */
		EF14E0492D787E8B008424D6 /* PBXTargetDependency */ = {
			isa = PBXTargetDependency;
			target = EF14E0362D787E8A008424D6 /* ConcertMemory */;
			targetProxy = EF14E0482D787E8B008424D6 /* PBXContainerItemProxy */;
		};
		EF14E0532D787E8B008424D6 /* PBXTargetDependency */ = {
			isa = PBXTargetDependency;
			target = EF14E0362D787E8A008424D6 /* ConcertMemory */;
			targetProxy = EF14E0522D787E8B008424D6 /* PBXContainerItemProxy */;
		};
/* End PBXTargetDependency section */

/* Begin XCBuildConfiguration section */
		EF14E0592D787E8B008424D6 /* Debug */ = {
			isa = XCBuildConfiguration;
			buildSettings = {
				ALWAYS_SEARCH_USER_PATHS = NO;
				ASSETCATALOG_COMPILER_GENERATE_SWIFT_ASSET_SYMBOL_EXTENSIONS = YES;
				CLANG_ANALYZER_NONNULL = YES;
				CLANG_ANALYZER_NUMBER_OBJECT_CONVERSION = YES_AGGRESSIVE;
				CLANG_CXX_LANGUAGE_STANDARD = "gnu++20";
				CLANG_ENABLE_MODULES = YES;
				CLANG_ENABLE_OBJC_ARC = YES;
				CLANG_ENABLE_OBJC_WEAK = YES;
				CLANG_WARN_BLOCK_CAPTURE_AUTORELEASING = YES;
				CLANG_WARN_BOOL_CONVERSION = YES;
				CLANG_WARN_COMMA = YES;
				CLANG_WARN_CONSTANT_CONVERSION = YES;
				CLANG_WARN_DEPRECATED_OBJC_IMPLEMENTATIONS = YES;
				CLANG_WARN_DIRECT_OBJC_ISA_USAGE = YES_ERROR;
				CLANG_WARN_DOCUMENTATION_COMMENTS = YES;
				CLANG_WARN_EMPTY_BODY = YES;
				CLANG_WARN_ENUM_CONVERSION = YES;
				CLANG_WARN_INFINITE_RECURSION = YES;
				CLANG_WARN_INT_CONVERSION = YES;
				CLANG_WARN_NON_LITERAL_NULL_CONVERSION = YES;
				CLANG_WARN_OBJC_IMPLICIT_RETAIN_SELF = YES;
				CLANG_WARN_OBJC_LITERAL_CONVERSION = YES;
				CLANG_WARN_OBJC_ROOT_CLASS = YES_ERROR;
				CLANG_WARN_QUOTED_INCLUDE_IN_FRAMEWORK_HEADER = YES;
				CLANG_WARN_RANGE_LOOP_ANALYSIS = YES;
				CLANG_WARN_STRICT_PROTOTYPES = YES;
				CLANG_WARN_SUSPICIOUS_MOVE = YES;
				CLANG_WARN_UNGUARDED_AVAILABILITY = YES_AGGRESSIVE;
				CLANG_WARN_UNREACHABLE_CODE = YES;
				CLANG_WARN__DUPLICATE_METHOD_MATCH = YES;
				COPY_PHASE_STRIP = NO;
				DEBUG_INFORMATION_FORMAT = dwarf;
				ENABLE_STRICT_OBJC_MSGSEND = YES;
				ENABLE_TESTABILITY = YES;
				ENABLE_USER_SCRIPT_SANDBOXING = YES;
				GCC_C_LANGUAGE_STANDARD = gnu17;
				GCC_DYNAMIC_NO_PIC = NO;
				GCC_NO_COMMON_BLOCKS = YES;
				GCC_OPTIMIZATION_LEVEL = 0;
				GCC_PREPROCESSOR_DEFINITIONS = (
					"DEBUG=1",
					"$(inherited)",
				);
				GCC_WARN_64_TO_32_BIT_CONVERSION = YES;
				GCC_WARN_ABOUT_RETURN_TYPE = YES_ERROR;
				GCC_WARN_UNDECLARED_SELECTOR = YES;
				GCC_WARN_UNINITIALIZED_AUTOS = YES_AGGRESSIVE;
				GCC_WARN_UNUSED_FUNCTION = YES;
				GCC_WARN_UNUSED_VARIABLE = YES;
				IPHONEOS_DEPLOYMENT_TARGET = 18.2;
				LOCALIZATION_PREFERS_STRING_CATALOGS = YES;
				MTL_ENABLE_DEBUG_INFO = INCLUDE_SOURCE;
				MTL_FAST_MATH = YES;
				ONLY_ACTIVE_ARCH = YES;
				SDKROOT = iphoneos;
				SWIFT_ACTIVE_COMPILATION_CONDITIONS = "DEBUG $(inherited)";
				SWIFT_OPTIMIZATION_LEVEL = "-Onone";
			};
			name = Debug;
		};
		EF14E05A2D787E8B008424D6 /* Release */ = {
			isa = XCBuildConfiguration;
			buildSettings = {
				ALWAYS_SEARCH_USER_PATHS = NO;
				ASSETCATALOG_COMPILER_GENERATE_SWIFT_ASSET_SYMBOL_EXTENSIONS = YES;
				CLANG_ANALYZER_NONNULL = YES;
				CLANG_ANALYZER_NUMBER_OBJECT_CONVERSION = YES_AGGRESSIVE;
				CLANG_CXX_LANGUAGE_STANDARD = "gnu++20";
				CLANG_ENABLE_MODULES = YES;
				CLANG_ENABLE_OBJC_ARC = YES;
				CLANG_ENABLE_OBJC_WEAK = YES;
				CLANG_WARN_BLOCK_CAPTURE_AUTORELEASING = YES;
				CLANG_WARN_BOOL_CONVERSION = YES;
				CLANG_WARN_COMMA = YES;
				CLANG_WARN_CONSTANT_CONVERSION = YES;
				CLANG_WARN_DEPRECATED_OBJC_IMPLEMENTATIONS = YES;
				CLANG_WARN_DIRECT_OBJC_ISA_USAGE = YES_ERROR;
				CLANG_WARN_DOCUMENTATION_COMMENTS = YES;
				CLANG_WARN_EMPTY_BODY = YES;
				CLANG_WARN_ENUM_CONVERSION = YES;
				CLANG_WARN_INFINITE_RECURSION = YES;
				CLANG_WARN_INT_CONVERSION = YES;
				CLANG_WARN_NON_LITERAL_NULL_CONVERSION = YES;
				CLANG_WARN_OBJC_IMPLICIT_RETAIN_SELF = YES;
				CLANG_WARN_OBJC_LITERAL_CONVERSION = YES;
				CLANG_WARN_OBJC_ROOT_CLASS = YES_ERROR;
				CLANG_WARN_QUOTED_INCLUDE_IN_FRAMEWORK_HEADER = YES;
				CLANG_WARN_RANGE_LOOP_ANALYSIS = YES;
				CLANG_WARN_STRICT_PROTOTYPES = YES;
				CLANG_WARN_SUSPICIOUS_MOVE = YES;
				CLANG_WARN_UNGUARDED_AVAILABILITY = YES_AGGRESSIVE;
				CLANG_WARN_UNREACHABLE_CODE = YES;
				CLANG_WARN__DUPLICATE_METHOD_MATCH = YES;
				COPY_PHASE_STRIP = NO;
				DEBUG_INFORMATION_FORMAT = "dwarf-with-dsym";
				ENABLE_NS_ASSERTIONS = NO;
				ENABLE_STRICT_OBJC_MSGSEND = YES;
				ENABLE_USER_SCRIPT_SANDBOXING = YES;
				GCC_C_LANGUAGE_STANDARD = gnu17;
				GCC_NO_COMMON_BLOCKS = YES;
				GCC_WARN_64_TO_32_BIT_CONVERSION = YES;
				GCC_WARN_ABOUT_RETURN_TYPE = YES_ERROR;
				GCC_WARN_UNDECLARED_SELECTOR = YES;
				GCC_WARN_UNINITIALIZED_AUTOS = YES_AGGRESSIVE;
				GCC_WARN_UNUSED_FUNCTION = YES;
				GCC_WARN_UNUSED_VARIABLE = YES;
				IPHONEOS_DEPLOYMENT_TARGET = 18.2;
				LOCALIZATION_PREFERS_STRING_CATALOGS = YES;
				MTL_ENABLE_DEBUG_INFO = NO;
				MTL_FAST_MATH = YES;
				SDKROOT = iphoneos;
				SWIFT_COMPILATION_MODE = wholemodule;
				VALIDATE_PRODUCT = YES;
			};
			name = Release;
		};
		EF14E05C2D787E8B008424D6 /* Debug */ = {
			isa = XCBuildConfiguration;
			buildSettings = {
				ASSETCATALOG_COMPILER_APPICON_NAME = AppIcon;
				ASSETCATALOG_COMPILER_GLOBAL_ACCENT_COLOR_NAME = AccentColor;
				CODE_SIGN_ENTITLEMENTS = ConcertMemory/ConcertMemory.entitlements;
				CODE_SIGN_STYLE = Automatic;
				CURRENT_PROJECT_VERSION = 1;
				DEVELOPMENT_ASSET_PATHS = "\"ConcertMemory/Preview Content\"";
				DEVELOPMENT_TEAM = K5RDJHKFJK;
				ENABLE_PREVIEWS = YES;
				ENABLE_USER_SCRIPT_SANDBOXING = NO;
				GENERATE_INFOPLIST_FILE = YES;
				INFOPLIST_KEY_CFBundleDisplayName = "Concert Memory";
				INFOPLIST_KEY_UIApplicationSceneManifest_Generation = YES;
				INFOPLIST_KEY_UIApplicationSupportsIndirectInputEvents = YES;
				INFOPLIST_KEY_UILaunchScreen_Generation = YES;
				INFOPLIST_KEY_UILaunchStoryboardName = LaunchScreen;
				INFOPLIST_KEY_UISupportedInterfaceOrientations = UIInterfaceOrientationPortrait;
				INFOPLIST_KEY_UISupportedInterfaceOrientations_iPad = "UIInterfaceOrientationLandscapeLeft UIInterfaceOrientationLandscapeRight UIInterfaceOrientationPortrait UIInterfaceOrientationPortraitUpsideDown";
				IPHONEOS_DEPLOYMENT_TARGET = 17.0;
				LD_RUNPATH_SEARCH_PATHS = (
					"$(inherited)",
					"@executable_path/Frameworks",
				);
				MARKETING_VERSION = 1.0;
				PRODUCT_BUNDLE_IDENTIFIER = com.lesleykoopmans.ConcertMemory;
				PRODUCT_NAME = "$(TARGET_NAME)";
				SUPPORTED_PLATFORMS = "iphoneos iphonesimulator";
				SUPPORTS_MACCATALYST = YES;
				SUPPORTS_MAC_DESIGNED_FOR_IPHONE_IPAD = NO;
				SUPPORTS_XR_DESIGNED_FOR_IPHONE_IPAD = NO;
				SWIFT_EMIT_LOC_STRINGS = YES;
				SWIFT_VERSION = 6.0;
				TARGETED_DEVICE_FAMILY = "1,2";
			};
			name = Debug;
		};
		EF14E05D2D787E8B008424D6 /* Release */ = {
			isa = XCBuildConfiguration;
			buildSettings = {
				ASSETCATALOG_COMPILER_APPICON_NAME = AppIcon;
				ASSETCATALOG_COMPILER_GLOBAL_ACCENT_COLOR_NAME = AccentColor;
				CODE_SIGN_ENTITLEMENTS = ConcertMemory/ConcertMemory.entitlements;
				CODE_SIGN_STYLE = Automatic;
				CURRENT_PROJECT_VERSION = 1;
				DEVELOPMENT_ASSET_PATHS = "\"ConcertMemory/Preview Content\"";
				DEVELOPMENT_TEAM = K5RDJHKFJK;
				ENABLE_PREVIEWS = YES;
				ENABLE_USER_SCRIPT_SANDBOXING = NO;
				GENERATE_INFOPLIST_FILE = YES;
				INFOPLIST_KEY_CFBundleDisplayName = "Concert Memory";
				INFOPLIST_KEY_UIApplicationSceneManifest_Generation = YES;
				INFOPLIST_KEY_UIApplicationSupportsIndirectInputEvents = YES;
				INFOPLIST_KEY_UILaunchScreen_Generation = YES;
				INFOPLIST_KEY_UILaunchStoryboardName = LaunchScreen;
				INFOPLIST_KEY_UISupportedInterfaceOrientations = UIInterfaceOrientationPortrait;
				INFOPLIST_KEY_UISupportedInterfaceOrientations_iPad = "UIInterfaceOrientationLandscapeLeft UIInterfaceOrientationLandscapeRight UIInterfaceOrientationPortrait UIInterfaceOrientationPortraitUpsideDown";
				IPHONEOS_DEPLOYMENT_TARGET = 17.0;
				LD_RUNPATH_SEARCH_PATHS = (
					"$(inherited)",
					"@executable_path/Frameworks",
				);
				MARKETING_VERSION = 1.0;
				PRODUCT_BUNDLE_IDENTIFIER = com.lesleykoopmans.ConcertMemory;
				PRODUCT_NAME = "$(TARGET_NAME)";
				SUPPORTED_PLATFORMS = "iphoneos iphonesimulator";
				SUPPORTS_MACCATALYST = YES;
				SUPPORTS_MAC_DESIGNED_FOR_IPHONE_IPAD = NO;
				SUPPORTS_XR_DESIGNED_FOR_IPHONE_IPAD = NO;
				SWIFT_EMIT_LOC_STRINGS = YES;
				SWIFT_VERSION = 6.0;
				TARGETED_DEVICE_FAMILY = "1,2";
			};
			name = Release;
		};
		EF14E05F2D787E8B008424D6 /* Debug */ = {
			isa = XCBuildConfiguration;
			buildSettings = {
				BUNDLE_LOADER = "$(TEST_HOST)";
				CODE_SIGN_STYLE = Automatic;
				CURRENT_PROJECT_VERSION = 1;
				DEVELOPMENT_TEAM = K5RDJHKFJK;
				GENERATE_INFOPLIST_FILE = YES;
				IPHONEOS_DEPLOYMENT_TARGET = 18.2;
				MARKETING_VERSION = 1.0;
				PRODUCT_BUNDLE_IDENTIFIER = com.lesleykoopmans.ConcertMemoryTests;
				PRODUCT_NAME = "$(TARGET_NAME)";
				SWIFT_EMIT_LOC_STRINGS = NO;
				SWIFT_VERSION = 5.0;
				TARGETED_DEVICE_FAMILY = "1,2";
				TEST_HOST = "$(BUILT_PRODUCTS_DIR)/ConcertMemory.app/$(BUNDLE_EXECUTABLE_FOLDER_PATH)/ConcertMemory";
			};
			name = Debug;
		};
		EF14E0602D787E8B008424D6 /* Release */ = {
			isa = XCBuildConfiguration;
			buildSettings = {
				BUNDLE_LOADER = "$(TEST_HOST)";
				CODE_SIGN_STYLE = Automatic;
				CURRENT_PROJECT_VERSION = 1;
				DEVELOPMENT_TEAM = K5RDJHKFJK;
				GENERATE_INFOPLIST_FILE = YES;
				IPHONEOS_DEPLOYMENT_TARGET = 18.2;
				MARKETING_VERSION = 1.0;
				PRODUCT_BUNDLE_IDENTIFIER = com.lesleykoopmans.ConcertMemoryTests;
				PRODUCT_NAME = "$(TARGET_NAME)";
				SWIFT_EMIT_LOC_STRINGS = NO;
				SWIFT_VERSION = 5.0;
				TARGETED_DEVICE_FAMILY = "1,2";
				TEST_HOST = "$(BUILT_PRODUCTS_DIR)/ConcertMemory.app/$(BUNDLE_EXECUTABLE_FOLDER_PATH)/ConcertMemory";
			};
			name = Release;
		};
		EF14E0622D787E8B008424D6 /* Debug */ = {
			isa = XCBuildConfiguration;
			buildSettings = {
				CODE_SIGN_STYLE = Automatic;
				CURRENT_PROJECT_VERSION = 1;
				DEVELOPMENT_TEAM = K5RDJHKFJK;
				GENERATE_INFOPLIST_FILE = YES;
				MARKETING_VERSION = 1.0;
				PRODUCT_BUNDLE_IDENTIFIER = com.lesleykoopmans.ConcertMemoryUITests;
				PRODUCT_NAME = "$(TARGET_NAME)";
				SWIFT_EMIT_LOC_STRINGS = NO;
				SWIFT_VERSION = 5.0;
				TARGETED_DEVICE_FAMILY = "1,2";
				TEST_TARGET_NAME = ConcertMemory;
			};
			name = Debug;
		};
		EF14E0632D787E8B008424D6 /* Release */ = {
			isa = XCBuildConfiguration;
			buildSettings = {
				CODE_SIGN_STYLE = Automatic;
				CURRENT_PROJECT_VERSION = 1;
				DEVELOPMENT_TEAM = K5RDJHKFJK;
				GENERATE_INFOPLIST_FILE = YES;
				MARKETING_VERSION = 1.0;
				PRODUCT_BUNDLE_IDENTIFIER = com.lesleykoopmans.ConcertMemoryUITests;
				PRODUCT_NAME = "$(TARGET_NAME)";
				SWIFT_EMIT_LOC_STRINGS = NO;
				SWIFT_VERSION = 5.0;
				TARGETED_DEVICE_FAMILY = "1,2";
				TEST_TARGET_NAME = ConcertMemory;
			};
			name = Release;
		};
/* End XCBuildConfiguration section */

/* Begin XCConfigurationList section */
		EF14E0322D787E8A008424D6 /* Build configuration list for PBXProject "ConcertMemory" */ = {
			isa = XCConfigurationList;
			buildConfigurations = (
				EF14E0592D787E8B008424D6 /* Debug */,
				EF14E05A2D787E8B008424D6 /* Release */,
			);
			defaultConfigurationIsVisible = 0;
			defaultConfigurationName = Release;
		};
		EF14E05B2D787E8B008424D6 /* Build configuration list for PBXNativeTarget "ConcertMemory" */ = {
			isa = XCConfigurationList;
			buildConfigurations = (
				EF14E05C2D787E8B008424D6 /* Debug */,
				EF14E05D2D787E8B008424D6 /* Release */,
			);
			defaultConfigurationIsVisible = 0;
			defaultConfigurationName = Release;
		};
		EF14E05E2D787E8B008424D6 /* Build configuration list for PBXNativeTarget "ConcertMemoryTests" */ = {
			isa = XCConfigurationList;
			buildConfigurations = (
				EF14E05F2D787E8B008424D6 /* Debug */,
				EF14E0602D787E8B008424D6 /* Release */,
			);
			defaultConfigurationIsVisible = 0;
			defaultConfigurationName = Release;
		};
		EF14E0612D787E8B008424D6 /* Build configuration list for PBXNativeTarget "ConcertMemoryUITests" */ = {
			isa = XCConfigurationList;
			buildConfigurations = (
				EF14E0622D787E8B008424D6 /* Debug */,
				EF14E0632D787E8B008424D6 /* Release */,
			);
			defaultConfigurationIsVisible = 0;
			defaultConfigurationName = Release;
		};
/* End XCConfigurationList section */

/* Begin XCRemoteSwiftPackageReference section */
		EF14E0922D78A433008424D6 /* XCRemoteSwiftPackageReference "SDWebImageSwiftUI" */ = {
			isa = XCRemoteSwiftPackageReference;
			repositoryURL = "https://github.com/SDWebImage/SDWebImageSwiftUI";
			requirement = {
				kind = upToNextMajorVersion;
				minimumVersion = 3.1.3;
			};
		};
		EF765BD12D92ECFD002724BF /* XCRemoteSwiftPackageReference "SwiftfulUtilities" */ = {
			isa = XCRemoteSwiftPackageReference;
			repositoryURL = "https://github.com/SwiftfulThinking/SwiftfulUtilities";
			requirement = {
				kind = upToNextMajorVersion;
				minimumVersion = 1.1.6;
			};
		};
		EF765CEC2D958541002724BF /* XCRemoteSwiftPackageReference "firebase-ios-sdk" */ = {
			isa = XCRemoteSwiftPackageReference;
			repositoryURL = "https://github.com/firebase/firebase-ios-sdk";
			requirement = {
				kind = upToNextMajorVersion;
				minimumVersion = 11.10.0;
			};
		};
		EF765CF92D958C98002724BF /* XCRemoteSwiftPackageReference "SignInAppleAsync" */ = {
			isa = XCRemoteSwiftPackageReference;
			repositoryURL = "https://github.com/SwiftfulThinking/SignInAppleAsync";
			requirement = {
				kind = upToNextMajorVersion;
				minimumVersion = 1.0.0;
			};
		};
/* End XCRemoteSwiftPackageReference section */

/* Begin XCSwiftPackageProductDependency section */
		EF14E0932D78A433008424D6 /* SDWebImageSwiftUI */ = {
			isa = XCSwiftPackageProductDependency;
			package = EF14E0922D78A433008424D6 /* XCRemoteSwiftPackageReference "SDWebImageSwiftUI" */;
			productName = SDWebImageSwiftUI;
		};
		EF765BD22D92ECFD002724BF /* SwiftfulUtilities */ = {
			isa = XCSwiftPackageProductDependency;
			package = EF765BD12D92ECFD002724BF /* XCRemoteSwiftPackageReference "SwiftfulUtilities" */;
			productName = SwiftfulUtilities;
		};
		EF765CED2D958541002724BF /* FirebaseAuth */ = {
			isa = XCSwiftPackageProductDependency;
			package = EF765CEC2D958541002724BF /* XCRemoteSwiftPackageReference "firebase-ios-sdk" */;
			productName = FirebaseAuth;
		};
		EF765CFA2D958C98002724BF /* SignInAppleAsync */ = {
			isa = XCSwiftPackageProductDependency;
			package = EF765CF92D958C98002724BF /* XCRemoteSwiftPackageReference "SignInAppleAsync" */;
			productName = SignInAppleAsync;
		};
/* End XCSwiftPackageProductDependency section */
	};
	rootObject = EF14E02F2D787E8A008424D6 /* Project object */;
}
